
Microsoft Visual Studio Solution File, Format Version 12.00
# Visual Studio Version 17
VisualStudioVersion = 17.0.31903.59
MinimumVisualStudioVersion = 10.0.40219.1
Project("{2150E333-8FDC-42A3-9474-1A3956D46DE8}") = "src", "src", "{827E0CD3-B72D-47B6-A68D-7590B98EB39B}"
EndProject
Project("{FAE04EC0-301F-11D3-BF4B-00C04F79EFBC}") = "TorrentCore.Contracts", "src\TorrentCore.Contracts\TorrentCore.Contracts.csproj", "{F341A815-B6B1-4B8F-B261-D93BCF0DD179}"
EndProject
Project("{FAE04EC0-301F-11D3-BF4B-00C04F79EFBC}") = "TorrentCore.Core", "src\TorrentCore.Core\TorrentCore.Core.csproj", "{CA86DAE7-F8B5-4A3A-B3DA-EE2A4BFDFC99}"
EndProject
Project("{FAE04EC0-301F-11D3-BF4B-00C04F79EFBC}") = "TorrentCore.Persistence.Sqlite", "src\TorrentCore.Persistence.Sqlite\TorrentCore.Persistence.Sqlite.csproj", "{CD0BFEDA-8C7D-4C05-8FB4-C7B534235DCF}"
EndProject
Project("{FAE04EC0-301F-11D3-BF4B-00C04F79EFBC}") = "TorrentCore.Client", "src\TorrentCore.Client\TorrentCore.Client.csproj", "{E76D7198-145F-4245-B9A5-05AB66A95084}"
EndProject
Project("{FAE04EC0-301F-11D3-BF4B-00C04F79EFBC}") = "TorrentCore.Service", "src\TorrentCore.ServiceHost\TorrentCore.Service.csproj", "{2C31D304-C1E0-4E6F-8E4A-C882F2548B8D}"
EndProject
Project("{FAE04EC0-301F-11D3-BF4B-00C04F79EFBC}") = "TorrentCore.Web", "src\TorrentCore.Web\TorrentCore.Web.csproj", "{5F68B454-B016-4F75-965A-630C42515DCD}"
EndProject
Project("{2150E333-8FDC-42A3-9474-1A3956D46DE8}") = "tests", "tests", "{0AB3BF05-4346-4AA6-1389-037BE0695223}"
EndProject
Project("{FAE04EC0-301F-11D3-BF4B-00C04F79EFBC}") = "TorrentCore.Service.Tests", "tests\TorrentCore.Service.Tests\TorrentCore.Service.Tests.csproj", "{EE892F93-E039-45E3-B079-9BBC1F551AFB}"
EndProject
Project("{FAE04EC0-301F-11D3-BF4B-00C04F79EFBC}") = "TorrentCore.Avalonia", "src\TorrentCore.Avalonia\TorrentCore.Avalonia.csproj", "{DBC41B85-36FE-4727-83FF-F20EBC4C2A17}"
EndProject
Project("{FAE04EC0-301F-11D3-BF4B-00C04F79EFBC}") = "TorrentCore.WebUI", "src\TorrentCore.WebUI\TorrentCore.WebUI.csproj", "{71C84DB3-BC10-4046-A351-68F38856D991}"
EndProject
Global
	GlobalSection(SolutionConfigurationPlatforms) = preSolution
		Debug|Any CPU = Debug|Any CPU
		Debug|x64 = Debug|x64
		Debug|x86 = Debug|x86
		Release|Any CPU = Release|Any CPU
		Release|x64 = Release|x64
		Release|x86 = Release|x86
	EndGlobalSection
	GlobalSection(ProjectConfigurationPlatforms) = postSolution
		{F341A815-B6B1-4B8F-B261-D93BCF0DD179}.Debug|Any CPU.ActiveCfg = Debug|Any CPU
		{F341A815-B6B1-4B8F-B261-D93BCF0DD179}.Debug|Any CPU.Build.0 = Debug|Any CPU
		{F341A815-B6B1-4B8F-B261-D93BCF0DD179}.Debug|x64.ActiveCfg = Debug|Any CPU
		{F341A815-B6B1-4B8F-B261-D93BCF0DD179}.Debug|x64.Build.0 = Debug|Any CPU
		{F341A815-B6B1-4B8F-B261-D93BCF0DD179}.Debug|x86.ActiveCfg = Debug|Any CPU
		{F341A815-B6B1-4B8F-B261-D93BCF0DD179}.Debug|x86.Build.0 = Debug|Any CPU
		{F341A815-B6B1-4B8F-B261-D93BCF0DD179}.Release|Any CPU.ActiveCfg = Release|Any CPU
		{F341A815-B6B1-4B8F-B261-D93BCF0DD179}.Release|Any CPU.Build.0 = Release|Any CPU
		{F341A815-B6B1-4B8F-B261-D93BCF0DD179}.Release|x64.ActiveCfg = Release|Any CPU
		{F341A815-B6B1-4B8F-B261-D93BCF0DD179}.Release|x64.Build.0 = Release|Any CPU
		{F341A815-B6B1-4B8F-B261-D93BCF0DD179}.Release|x86.ActiveCfg = Release|Any CPU
		{F341A815-B6B1-4B8F-B261-D93BCF0DD179}.Release|x86.Build.0 = Release|Any CPU
		{CA86DAE7-F8B5-4A3A-B3DA-EE2A4BFDFC99}.Debug|Any CPU.ActiveCfg = Debug|Any CPU
		{CA86DAE7-F8B5-4A3A-B3DA-EE2A4BFDFC99}.Debug|Any CPU.Build.0 = Debug|Any CPU
		{CA86DAE7-F8B5-4A3A-B3DA-EE2A4BFDFC99}.Debug|x64.ActiveCfg = Debug|Any CPU
		{CA86DAE7-F8B5-4A3A-B3DA-EE2A4BFDFC99}.Debug|x64.Build.0 = Debug|Any CPU
		{CA86DAE7-F8B5-4A3A-B3DA-EE2A4BFDFC99}.Debug|x86.ActiveCfg = Debug|Any CPU
		{CA86DAE7-F8B5-4A3A-B3DA-EE2A4BFDFC99}.Debug|x86.Build.0 = Debug|Any CPU
		{CA86DAE7-F8B5-4A3A-B3DA-EE2A4BFDFC99}.Release|Any CPU.ActiveCfg = Release|Any CPU
		{CA86DAE7-F8B5-4A3A-B3DA-EE2A4BFDFC99}.Release|Any CPU.Build.0 = Release|Any CPU
		{CA86DAE7-F8B5-4A3A-B3DA-EE2A4BFDFC99}.Release|x64.ActiveCfg = Release|Any CPU
		{CA86DAE7-F8B5-4A3A-B3DA-EE2A4BFDFC99}.Release|x64.Build.0 = Release|Any CPU
		{CA86DAE7-F8B5-4A3A-B3DA-EE2A4BFDFC99}.Release|x86.ActiveCfg = Release|Any CPU
		{CA86DAE7-F8B5-4A3A-B3DA-EE2A4BFDFC99}.Release|x86.Build.0 = Release|Any CPU
		{CD0BFEDA-8C7D-4C05-8FB4-C7B534235DCF}.Debug|Any CPU.ActiveCfg = Debug|Any CPU
		{CD0BFEDA-8C7D-4C05-8FB4-C7B534235DCF}.Debug|Any CPU.Build.0 = Debug|Any CPU
		{CD0BFEDA-8C7D-4C05-8FB4-C7B534235DCF}.Debug|x64.ActiveCfg = Debug|Any CPU
		{CD0BFEDA-8C7D-4C05-8FB4-C7B534235DCF}.Debug|x64.Build.0 = Debug|Any CPU
		{CD0BFEDA-8C7D-4C05-8FB4-C7B534235DCF}.Debug|x86.ActiveCfg = Debug|Any CPU
		{CD0BFEDA-8C7D-4C05-8FB4-C7B534235DCF}.Debug|x86.Build.0 = Debug|Any CPU
		{CD0BFEDA-8C7D-4C05-8FB4-C7B534235DCF}.Release|Any CPU.ActiveCfg = Release|Any CPU
		{CD0BFEDA-8C7D-4C05-8FB4-C7B534235DCF}.Release|Any CPU.Build.0 = Release|Any CPU
		{CD0BFEDA-8C7D-4C05-8FB4-C7B534235DCF}.Release|x64.ActiveCfg = Release|Any CPU
		{CD0BFEDA-8C7D-4C05-8FB4-C7B534235DCF}.Release|x64.Build.0 = Release|Any CPU
		{CD0BFEDA-8C7D-4C05-8FB4-C7B534235DCF}.Release|x86.ActiveCfg = Release|Any CPU
		{CD0BFEDA-8C7D-4C05-8FB4-C7B534235DCF}.Release|x86.Build.0 = Release|Any CPU
		{E76D7198-145F-4245-B9A5-05AB66A95084}.Debug|Any CPU.ActiveCfg = Debug|Any CPU
		{E76D7198-145F-4245-B9A5-05AB66A95084}.Debug|Any CPU.Build.0 = Debug|Any CPU
		{E76D7198-145F-4245-B9A5-05AB66A95084}.Debug|x64.ActiveCfg = Debug|Any CPU
		{E76D7198-145F-4245-B9A5-05AB66A95084}.Debug|x64.Build.0 = Debug|Any CPU
		{E76D7198-145F-4245-B9A5-05AB66A95084}.Debug|x86.ActiveCfg = Debug|Any CPU
		{E76D7198-145F-4245-B9A5-05AB66A95084}.Debug|x86.Build.0 = Debug|Any CPU
		{E76D7198-145F-4245-B9A5-05AB66A95084}.Release|Any CPU.ActiveCfg = Release|Any CPU
		{E76D7198-145F-4245-B9A5-05AB66A95084}.Release|Any CPU.Build.0 = Release|Any CPU
		{E76D7198-145F-4245-B9A5-05AB66A95084}.Release|x64.ActiveCfg = Release|Any CPU
		{E76D7198-145F-4245-B9A5-05AB66A95084}.Release|x64.Build.0 = Release|Any CPU
		{E76D7198-145F-4245-B9A5-05AB66A95084}.Release|x86.ActiveCfg = Release|Any CPU
		{E76D7198-145F-4245-B9A5-05AB66A95084}.Release|x86.Build.0 = Release|Any CPU
		{2C31D304-C1E0-4E6F-8E4A-C882F2548B8D}.Debug|Any CPU.ActiveCfg = Debug|Any CPU
		{2C31D304-C1E0-4E6F-8E4A-C882F2548B8D}.Debug|Any CPU.Build.0 = Debug|Any CPU
		{2C31D304-C1E0-4E6F-8E4A-C882F2548B8D}.Debug|x64.ActiveCfg = Debug|Any CPU
		{2C31D304-C1E0-4E6F-8E4A-C882F2548B8D}.Debug|x64.Build.0 = Debug|Any CPU
		{2C31D304-C1E0-4E6F-8E4A-C882F2548B8D}.Debug|x86.ActiveCfg = Debug|Any CPU
		{2C31D304-C1E0-4E6F-8E4A-C882F2548B8D}.Debug|x86.Build.0 = Debug|Any CPU
		{2C31D304-C1E0-4E6F-8E4A-C882F2548B8D}.Release|Any CPU.ActiveCfg = Release|Any CPU
		{2C31D304-C1E0-4E6F-8E4A-C882F2548B8D}.Release|Any CPU.Build.0 = Release|Any CPU
		{2C31D304-C1E0-4E6F-8E4A-C882F2548B8D}.Release|x64.ActiveCfg = Release|Any CPU
		{2C31D304-C1E0-4E6F-8E4A-C882F2548B8D}.Release|x64.Build.0 = Release|Any CPU
		{2C31D304-C1E0-4E6F-8E4A-C882F2548B8D}.Release|x86.ActiveCfg = Release|Any CPU
		{2C31D304-C1E0-4E6F-8E4A-C882F2548B8D}.Release|x86.Build.0 = Release|Any CPU
		{5F68B454-B016-4F75-965A-630C42515DCD}.Debug|Any CPU.ActiveCfg = Debug|Any CPU
		{5F68B454-B016-4F75-965A-630C42515DCD}.Debug|x64.ActiveCfg = Debug|Any CPU
		{5F68B454-B016-4F75-965A-630C42515DCD}.Debug|x86.ActiveCfg = Debug|Any CPU
		{5F68B454-B016-4F75-965A-630C42515DCD}.Release|Any CPU.ActiveCfg = Release|Any CPU
		{5F68B454-B016-4F75-965A-630C42515DCD}.Release|x64.ActiveCfg = Release|Any CPU
		{5F68B454-B016-4F75-965A-630C42515DCD}.Release|x86.ActiveCfg = Release|Any CPU
		{EE892F93-E039-45E3-B079-9BBC1F551AFB}.Debug|Any CPU.ActiveCfg = Debug|Any CPU
		{EE892F93-E039-45E3-B079-9BBC1F551AFB}.Debug|Any CPU.Build.0 = Debug|Any CPU
		{EE892F93-E039-45E3-B079-9BBC1F551AFB}.Debug|x64.ActiveCfg = Debug|Any CPU
		{EE892F93-E039-45E3-B079-9BBC1F551AFB}.Debug|x64.Build.0 = Debug|Any CPU
		{EE892F93-E039-45E3-B079-9BBC1F551AFB}.Debug|x86.ActiveCfg = Debug|Any CPU
		{EE892F93-E039-45E3-B079-9BBC1F551AFB}.Debug|x86.Build.0 = Debug|Any CPU
		{EE892F93-E039-45E3-B079-9BBC1F551AFB}.Release|Any CPU.ActiveCfg = Release|Any CPU
		{EE892F93-E039-45E3-B079-9BBC1F551AFB}.Release|Any CPU.Build.0 = Release|Any CPU
		{EE892F93-E039-45E3-B079-9BBC1F551AFB}.Release|x64.ActiveCfg = Release|Any CPU
		{EE892F93-E039-45E3-B079-9BBC1F551AFB}.Release|x64.Build.0 = Release|Any CPU
		{EE892F93-E039-45E3-B079-9BBC1F551AFB}.Release|x86.ActiveCfg = Release|Any CPU
		{EE892F93-E039-45E3-B079-9BBC1F551AFB}.Release|x86.Build.0 = Release|Any CPU
		{DBC41B85-36FE-4727-83FF-F20EBC4C2A17}.Debug|Any CPU.ActiveCfg = Debug|Any CPU
		{DBC41B85-36FE-4727-83FF-F20EBC4C2A17}.Debug|x64.ActiveCfg = Debug|Any CPU
		{DBC41B85-36FE-4727-83FF-F20EBC4C2A17}.Debug|x86.ActiveCfg = Debug|Any CPU
		{DBC41B85-36FE-4727-83FF-F20EBC4C2A17}.Release|Any CPU.ActiveCfg = Release|Any CPU
		{DBC41B85-36FE-4727-83FF-F20EBC4C2A17}.Release|x64.ActiveCfg = Release|Any CPU
		{DBC41B85-36FE-4727-83FF-F20EBC4C2A17}.Release|x86.ActiveCfg = Release|Any CPU
		{71C84DB3-BC10-4046-A351-68F38856D991}.Debug|Any CPU.ActiveCfg = Debug|Any CPU
		{71C84DB3-BC10-4046-A351-68F38856D991}.Debug|Any CPU.Build.0 = Debug|Any CPU
		{71C84DB3-BC10-4046-A351-68F38856D991}.Debug|x64.ActiveCfg = Debug|Any CPU
		{71C84DB3-BC10-4046-A351-68F38856D991}.Debug|x64.Build.0 = Debug|Any CPU
		{71C84DB3-BC10-4046-A351-68F38856D991}.Debug|x86.ActiveCfg = Debug|Any CPU
		{71C84DB3-BC10-4046-A351-68F38856D991}.Debug|x86.Build.0 = Debug|Any CPU
		{71C84DB3-BC10-4046-A351-68F38856D991}.Release|Any CPU.ActiveCfg = Release|Any CPU
		{71C84DB3-BC10-4046-A351-68F38856D991}.Release|Any CPU.Build.0 = Release|Any CPU
		{71C84DB3-BC10-4046-A351-68F38856D991}.Release|x64.ActiveCfg = Release|Any CPU
		{71C84DB3-BC10-4046-A351-68F38856D991}.Release|x64.Build.0 = Release|Any CPU
		{71C84DB3-BC10-4046-A351-68F38856D991}.Release|x86.ActiveCfg = Release|Any CPU
		{71C84DB3-BC10-4046-A351-68F38856D991}.Release|x86.Build.0 = Release|Any CPU
	EndGlobalSection
	GlobalSection(SolutionProperties) = preSolution
		HideSolutionNode = FALSE
	EndGlobalSection
	GlobalSection(NestedProjects) = preSolution
		{F341A815-B6B1-4B8F-B261-D93BCF0DD179} = {827E0CD3-B72D-47B6-A68D-7590B98EB39B}
		{CA86DAE7-F8B5-4A3A-B3DA-EE2A4BFDFC99} = {827E0CD3-B72D-47B6-A68D-7590B98EB39B}
		{CD0BFEDA-8C7D-4C05-8FB4-C7B534235DCF} = {827E0CD3-B72D-47B6-A68D-7590B98EB39B}
		{E76D7198-145F-4245-B9A5-05AB66A95084} = {827E0CD3-B72D-47B6-A68D-7590B98EB39B}
		{2C31D304-C1E0-4E6F-8E4A-C882F2548B8D} = {827E0CD3-B72D-47B6-A68D-7590B98EB39B}
		{5F68B454-B016-4F75-965A-630C42515DCD} = {827E0CD3-B72D-47B6-A68D-7590B98EB39B}
		{EE892F93-E039-45E3-B079-9BBC1F551AFB} = {0AB3BF05-4346-4AA6-1389-037BE0695223}
		{DBC41B85-36FE-4727-83FF-F20EBC4C2A17} = {827E0CD3-B72D-47B6-A68D-7590B98EB39B}
		{71C84DB3-BC10-4046-A351-68F38856D991} = {827E0CD3-B72D-47B6-A68D-7590B98EB39B}
	EndGlobalSection
EndGlobal
