// !$*UTF8*$!
{
	archiveVersion = 1;
	classes = {
	};
	objectVersion = 77;
	objects = {

/* Begin PBXBuildFile section */
		100000000000000000000001 /* TorrentCoreMacApp.swift in Sources */ = {isa = PBXBuildFile; fileRef = 200000000000000000000001 /* TorrentCoreMacApp.swift */; };
		100000000000000000000002 /* TorrentCoreMacContentView.swift in Sources */ = {isa = PBXBuildFile; fileRef = 200000000000000000000002 /* TorrentCoreMacContentView.swift */; };
		100000000000000000000003 /* TorrentCoreMobileApp.swift in Sources */ = {isa = PBXBuildFile; fileRef = 200000000000000000000003 /* TorrentCoreMobileApp.swift */; };
		100000000000000000000004 /* TorrentCoreMobileContentView.swift in Sources */ = {isa = PBXBuildFile; fileRef = 200000000000000000000004 /* TorrentCoreMobileContentView.swift */; };
		100000000000000000000005 /* TorrentCoreFeatures in Frameworks */ = {isa = PBXBuildFile; productRef = D00000000000000000000001 /* TorrentCoreFeatures */; };
		100000000000000000000006 /* TorrentCoreFeatures in Frameworks */ = {isa = PBXBuildFile; productRef = D00000000000000000000002 /* TorrentCoreFeatures */; };
		100000000000000000000007 /* TorrentCoreMacComponents.swift in Sources */ = {isa = PBXBuildFile; fileRef = 200000000000000000000010 /* TorrentCoreMacComponents.swift */; };
		100000000000000000000008 /* TorrentCoreMacConnectionView.swift in Sources */ = {isa = PBXBuildFile; fileRef = 200000000000000000000011 /* TorrentCoreMacConnectionView.swift */; };
		100000000000000000000009 /* TorrentCoreMacDashboardView.swift in Sources */ = {isa = PBXBuildFile; fileRef = 200000000000000000000012 /* TorrentCoreMacDashboardView.swift */; };
		100000000000000000000010 /* TorrentCoreMacTorrentsView.swift in Sources */ = {isa = PBXBuildFile; fileRef = 200000000000000000000013 /* TorrentCoreMacTorrentsView.swift */; };
		100000000000000000000011 /* TorrentCoreMacSettingsView.swift in Sources */ = {isa = PBXBuildFile; fileRef = 200000000000000000000014 /* TorrentCoreMacSettingsView.swift */; };
		100000000000000000000012 /* TorrentCoreAPI in Frameworks */ = {isa = PBXBuildFile; productRef = D00000000000000000000003 /* TorrentCoreAPI */; };
		100000000000000000000013 /* TorrentCoreMacTests.swift in Sources */ = {isa = PBXBuildFile; fileRef = 200000000000000000000015 /* TorrentCoreMacTests.swift */; };
		100000000000000000000014 /* TorrentCoreMacUITests.swift in Sources */ = {isa = PBXBuildFile; fileRef = 200000000000000000000016 /* TorrentCoreMacUITests.swift */; };
		100000000000000000000015 /* TorrentCoreMacHistoryView.swift in Sources */ = {isa = PBXBuildFile; fileRef = 200000000000000000000019 /* TorrentCoreMacHistoryView.swift */; };
		100000000000000000000016 /* TorrentCoreMacLogsView.swift in Sources */ = {isa = PBXBuildFile; fileRef = 200000000000000000000020 /* TorrentCoreMacLogsView.swift */; };
		100000000000000000000017 /* TorrentCoreMacServiceSettingsView.swift in Sources */ = {isa = PBXBuildFile; fileRef = 200000000000000000000021 /* TorrentCoreMacServiceSettingsView.swift */; };
		100000000000000000000018 /* TorrentCoreMacTorrentDiagnosticsView.swift in Sources */ = {isa = PBXBuildFile; fileRef = 200000000000000000000022 /* TorrentCoreMacTorrentDiagnosticsView.swift */; };
		100000000000000000000019 /* TorrentCoreMacHelp.swift in Sources */ = {isa = PBXBuildFile; fileRef = 200000000000000000000023 /* TorrentCoreMacHelp.swift */; };
		100000000000000000000020 /* Assets.xcassets in Resources */ = {isa = PBXBuildFile; fileRef = 200000000000000000000024 /* Assets.xcassets */; };
		100000000000000000000021 /* Assets.xcassets in Resources */ = {isa = PBXBuildFile; fileRef = 200000000000000000000025 /* Assets.xcassets */; };
/* End PBXBuildFile section */

/* Begin PBXContainerItemProxy section */
		E00000000000000000000001 /* PBXContainerItemProxy */ = {
			isa = PBXContainerItemProxy;
			containerPortal = 800000000000000000000001 /* Project object */;
			proxyType = 1;
			remoteGlobalIDString = 500000000000000000000001;
			remoteInfo = TorrentCoreMac;
		};
		E00000000000000000000002 /* PBXContainerItemProxy */ = {
			isa = PBXContainerItemProxy;
			containerPortal = 800000000000000000000001 /* Project object */;
			proxyType = 1;
			remoteGlobalIDString = 500000000000000000000001;
			remoteInfo = TorrentCoreMac;
		};
/* End PBXContainerItemProxy section */

/* Begin PBXFileReference section */
		200000000000000000000001 /* TorrentCoreMacApp.swift */ = {isa = PBXFileReference; lastKnownFileType = sourcecode.swift; path = TorrentCoreMacApp.swift; sourceTree = "<group>"; };
		200000000000000000000002 /* TorrentCoreMacContentView.swift */ = {isa = PBXFileReference; lastKnownFileType = sourcecode.swift; path = TorrentCoreMacContentView.swift; sourceTree = "<group>"; };
		200000000000000000000003 /* TorrentCoreMobileApp.swift */ = {isa = PBXFileReference; lastKnownFileType = sourcecode.swift; path = TorrentCoreMobileApp.swift; sourceTree = "<group>"; };
		200000000000000000000004 /* TorrentCoreMobileContentView.swift */ = {isa = PBXFileReference; lastKnownFileType = sourcecode.swift; path = TorrentCoreMobileContentView.swift; sourceTree = "<group>"; };
		200000000000000000000005 /* TorrentCoreMac.entitlements */ = {isa = PBXFileReference; lastKnownFileType = text.plist.entitlements; path = TorrentCoreMac.entitlements; sourceTree = "<group>"; };
		200000000000000000000006 /* TorrentCore.app */ = {isa = PBXFileReference; explicitFileType = wrapper.application; includeInIndex = 0; path = TorrentCore.app; sourceTree = BUILT_PRODUCTS_DIR; };
		200000000000000000000007 /* TorrentCore.app */ = {isa = PBXFileReference; explicitFileType = wrapper.application; includeInIndex = 0; path = TorrentCore.app; sourceTree = BUILT_PRODUCTS_DIR; };
		200000000000000000000008 /* Info.plist */ = {isa = PBXFileReference; lastKnownFileType = text.plist.xml; path = Info.plist; sourceTree = "<group>"; };
		200000000000000000000009 /* Info.plist */ = {isa = PBXFileReference; lastKnownFileType = text.plist.xml; path = Info.plist; sourceTree = "<group>"; };
		200000000000000000000010 /* TorrentCoreMacComponents.swift */ = {isa = PBXFileReference; lastKnownFileType = sourcecode.swift; path = TorrentCoreMacComponents.swift; sourceTree = "<group>"; };
		200000000000000000000011 /* TorrentCoreMacConnectionView.swift */ = {isa = PBXFileReference; lastKnownFileType = sourcecode.swift; path = TorrentCoreMacConnectionView.swift; sourceTree = "<group>"; };
		200000000000000000000012 /* TorrentCoreMacDashboardView.swift */ = {isa = PBXFileReference; lastKnownFileType = sourcecode.swift; path = TorrentCoreMacDashboardView.swift; sourceTree = "<group>"; };
		200000000000000000000013 /* TorrentCoreMacTorrentsView.swift */ = {isa = PBXFileReference; lastKnownFileType = sourcecode.swift; path = TorrentCoreMacTorrentsView.swift; sourceTree = "<group>"; };
		200000000000000000000014 /* TorrentCoreMacSettingsView.swift */ = {isa = PBXFileReference; lastKnownFileType = sourcecode.swift; path = TorrentCoreMacSettingsView.swift; sourceTree = "<group>"; };
		200000000000000000000015 /* TorrentCoreMacTests.swift */ = {isa = PBXFileReference; lastKnownFileType = sourcecode.swift; path = TorrentCoreMacTests.swift; sourceTree = "<group>"; };
		200000000000000000000016 /* TorrentCoreMacUITests.swift */ = {isa = PBXFileReference; lastKnownFileType = sourcecode.swift; path = TorrentCoreMacUITests.swift; sourceTree = "<group>"; };
		200000000000000000000017 /* TorrentCoreMacTests.xctest */ = {isa = PBXFileReference; explicitFileType = wrapper.cfbundle; includeInIndex = 0; path = TorrentCoreMacTests.xctest; sourceTree = BUILT_PRODUCTS_DIR; };
		200000000000000000000018 /* TorrentCoreMacUITests.xctest */ = {isa = PBXFileReference; explicitFileType = wrapper.cfbundle; includeInIndex = 0; path = TorrentCoreMacUITests.xctest; sourceTree = BUILT_PRODUCTS_DIR; };
		200000000000000000000019 /* TorrentCoreMacHistoryView.swift */ = {isa = PBXFileReference; lastKnownFileType = sourcecode.swift; path = TorrentCoreMacHistoryView.swift; sourceTree = "<group>"; };
		200000000000000000000020 /* TorrentCoreMacLogsView.swift */ = {isa = PBXFileReference; lastKnownFileType = sourcecode.swift; path = TorrentCoreMacLogsView.swift; sourceTree = "<group>"; };
		200000000000000000000021 /* TorrentCoreMacServiceSettingsView.swift */ = {isa = PBXFileReference; lastKnownFileType = sourcecode.swift; path = TorrentCoreMacServiceSettingsView.swift; sourceTree = "<group>"; };
		200000000000000000000022 /* TorrentCoreMacTorrentDiagnosticsView.swift */ = {isa = PBXFileReference; lastKnownFileType = sourcecode.swift; path = TorrentCoreMacTorrentDiagnosticsView.swift; sourceTree = "<group>"; };
		200000000000000000000023 /* TorrentCoreMacHelp.swift */ = {isa = PBXFileReference; lastKnownFileType = sourcecode.swift; path = TorrentCoreMacHelp.swift; sourceTree = "<group>"; };
		200000000000000000000024 /* Assets.xcassets */ = {isa = PBXFileReference; lastKnownFileType = folder.assetcatalog; path = Assets.xcassets; sourceTree = "<group>"; };
		200000000000000000000025 /* Assets.xcassets */ = {isa = PBXFileReference; lastKnownFileType = folder.assetcatalog; path = Assets.xcassets; sourceTree = "<group>"; };
/* End PBXFileReference section */

/* Begin PBXFrameworksBuildPhase section */
		300000000000000000000001 /* Frameworks */ = {
			isa = PBXFrameworksBuildPhase;
			buildActionMask = 2147483647;
			files = (
				100000000000000000000012 /* TorrentCoreAPI in Frameworks */,
				100000000000000000000005 /* TorrentCoreFeatures in Frameworks */,
			);
			runOnlyForDeploymentPostprocessing = 0;
		};
		300000000000000000000002 /* Frameworks */ = {
			isa = PBXFrameworksBuildPhase;
			buildActionMask = 2147483647;
			files = (
				100000000000000000000006 /* TorrentCoreFeatures in Frameworks */,
			);
			runOnlyForDeploymentPostprocessing = 0;
		};
		300000000000000000000003 /* Frameworks */ = {
			isa = PBXFrameworksBuildPhase;
			buildActionMask = 2147483647;
			files = (
			);
			runOnlyForDeploymentPostprocessing = 0;
		};
		300000000000000000000004 /* Frameworks */ = {
			isa = PBXFrameworksBuildPhase;
			buildActionMask = 2147483647;
			files = (
			);
			runOnlyForDeploymentPostprocessing = 0;
		};
/* End PBXFrameworksBuildPhase section */

/* Begin PBXGroup section */
		400000000000000000000001 = {
			isa = PBXGroup;
			children = (
				400000000000000000000002 /* Apps */,
				400000000000000000000006 /* Tests */,
				400000000000000000000005 /* Products */,
			);
			sourceTree = "<group>";
		};
		400000000000000000000002 /* Apps */ = {
			isa = PBXGroup;
			children = (
				400000000000000000000003 /* TorrentCoreMac */,
				400000000000000000000004 /* TorrentCoreMobile */,
			);
			path = Apps;
			sourceTree = "<group>";
		};
		400000000000000000000003 /* TorrentCoreMac */ = {
			isa = PBXGroup;
			children = (
				200000000000000000000001 /* TorrentCoreMacApp.swift */,
				200000000000000000000002 /* TorrentCoreMacContentView.swift */,
				200000000000000000000010 /* TorrentCoreMacComponents.swift */,
				200000000000000000000011 /* TorrentCoreMacConnectionView.swift */,
				200000000000000000000012 /* TorrentCoreMacDashboardView.swift */,
				200000000000000000000013 /* TorrentCoreMacTorrentsView.swift */,
				200000000000000000000019 /* TorrentCoreMacHistoryView.swift */,
				200000000000000000000020 /* TorrentCoreMacLogsView.swift */,
				200000000000000000000021 /* TorrentCoreMacServiceSettingsView.swift */,
				200000000000000000000022 /* TorrentCoreMacTorrentDiagnosticsView.swift */,
				200000000000000000000023 /* TorrentCoreMacHelp.swift */,
				200000000000000000000014 /* TorrentCoreMacSettingsView.swift */,
				200000000000000000000005 /* TorrentCoreMac.entitlements */,
				200000000000000000000008 /* Info.plist */,
				200000000000000000000024 /* Assets.xcassets */,
			);
			path = TorrentCoreMac;
			sourceTree = "<group>";
		};
		400000000000000000000004 /* TorrentCoreMobile */ = {
			isa = PBXGroup;
			children = (
				200000000000000000000003 /* TorrentCoreMobileApp.swift */,
				200000000000000000000004 /* TorrentCoreMobileContentView.swift */,
				200000000000000000000009 /* Info.plist */,
				200000000000000000000025 /* Assets.xcassets */,
			);
			path = TorrentCoreMobile;
			sourceTree = "<group>";
		};
		400000000000000000000005 /* Products */ = {
			isa = PBXGroup;
			children = (
				200000000000000000000006 /* TorrentCore.app */,
				200000000000000000000007 /* TorrentCore.app */,
				200000000000000000000017 /* TorrentCoreMacTests.xctest */,
				200000000000000000000018 /* TorrentCoreMacUITests.xctest */,
			);
			name = Products;
			sourceTree = "<group>";
		};
		400000000000000000000006 /* Tests */ = {
			isa = PBXGroup;
			children = (
				400000000000000000000007 /* TorrentCoreMacTests */,
				400000000000000000000008 /* TorrentCoreMacUITests */,
			);
			path = Tests;
			sourceTree = "<group>";
		};
		400000000000000000000007 /* TorrentCoreMacTests */ = {
			isa = PBXGroup;
			children = (
				200000000000000000000015 /* TorrentCoreMacTests.swift */,
			);
			path = TorrentCoreMacTests;
			sourceTree = "<group>";
		};
		400000000000000000000008 /* TorrentCoreMacUITests */ = {
			isa = PBXGroup;
			children = (
				200000000000000000000016 /* TorrentCoreMacUITests.swift */,
			);
			path = TorrentCoreMacUITests;
			sourceTree = "<group>";
		};
/* End PBXGroup section */

/* Begin PBXNativeTarget section */
		500000000000000000000001 /* TorrentCoreMac */ = {
			isa = PBXNativeTarget;
			buildConfigurationList = B000000000000000000000002 /* Build configuration list for PBXNativeTarget "TorrentCoreMac" */;
			buildPhases = (
				700000000000000000000001 /* Sources */,
				300000000000000000000001 /* Frameworks */,
				600000000000000000000001 /* Resources */,
			);
			buildRules = (
			);
			dependencies = (
			);
			name = TorrentCoreMac;
			packageProductDependencies = (
				D00000000000000000000001 /* TorrentCoreFeatures */,
				D00000000000000000000003 /* TorrentCoreAPI */,
			);
			productName = TorrentCore;
			productReference = 200000000000000000000006 /* TorrentCore.app */;
			productType = "com.apple.product-type.application";
		};
		500000000000000000000002 /* TorrentCoreMobile */ = {
			isa = PBXNativeTarget;
			buildConfigurationList = B000000000000000000000003 /* Build configuration list for PBXNativeTarget "TorrentCoreMobile" */;
			buildPhases = (
				700000000000000000000002 /* Sources */,
				300000000000000000000002 /* Frameworks */,
				600000000000000000000002 /* Resources */,
			);
			buildRules = (
			);
			dependencies = (
			);
			name = TorrentCoreMobile;
			packageProductDependencies = (
				D00000000000000000000002 /* TorrentCoreFeatures */,
			);
			productName = TorrentCore;
			productReference = 200000000000000000000007 /* TorrentCore.app */;
			productType = "com.apple.product-type.application";
		};
		500000000000000000000003 /* TorrentCoreMacTests */ = {
			isa = PBXNativeTarget;
			buildConfigurationList = B000000000000000000000004 /* Build configuration list for PBXNativeTarget "TorrentCoreMacTests" */;
			buildPhases = (
				700000000000000000000003 /* Sources */,
				300000000000000000000003 /* Frameworks */,
				600000000000000000000003 /* Resources */,
			);
			buildRules = (
			);
			dependencies = (
				F00000000000000000000001 /* PBXTargetDependency */,
			);
			name = TorrentCoreMacTests;
			productName = TorrentCoreMacTests;
			productReference = 200000000000000000000017 /* TorrentCoreMacTests.xctest */;
			productType = "com.apple.product-type.bundle.unit-test";
		};
		500000000000000000000004 /* TorrentCoreMacUITests */ = {
			isa = PBXNativeTarget;
			buildConfigurationList = B000000000000000000000005 /* Build configuration list for PBXNativeTarget "TorrentCoreMacUITests" */;
			buildPhases = (
				700000000000000000000004 /* Sources */,
				300000000000000000000004 /* Frameworks */,
				600000000000000000000004 /* Resources */,
			);
			buildRules = (
			);
			dependencies = (
				F00000000000000000000002 /* PBXTargetDependency */,
			);
			name = TorrentCoreMacUITests;
			productName = TorrentCoreMacUITests;
			productReference = 200000000000000000000018 /* TorrentCoreMacUITests.xctest */;
			productType = "com.apple.product-type.bundle.ui-testing";
		};
/* End PBXNativeTarget section */

/* Begin PBXProject section */
		800000000000000000000001 /* Project object */ = {
			isa = PBXProject;
			attributes = {
				BuildIndependentTargetsInParallel = 1;
				LastSwiftUpdateCheck = 2660;
				LastUpgradeCheck = 2660;
				TargetAttributes = {
					500000000000000000000001 = {
						CreatedOnToolsVersion = 26.0;
						ProvisioningStyle = Automatic;
					};
					500000000000000000000002 = {
						CreatedOnToolsVersion = 26.0;
						ProvisioningStyle = Automatic;
					};
					500000000000000000000003 = {
						CreatedOnToolsVersion = 26.0;
					};
					500000000000000000000004 = {
						CreatedOnToolsVersion = 26.0;
					};
				};
			};
			buildConfigurationList = B000000000000000000000001 /* Build configuration list for PBXProject "TorrentCoreApple" */;
			compatibilityVersion = "Xcode 16.0";
			developmentRegion = en;
			hasScannedForEncodings = 0;
			knownRegions = (
				en,
				Base,
			);
			mainGroup = 400000000000000000000001;
			minimizedProjectReferenceProxies = 1;
			packageReferences = (
				C000000000000000000000001 /* XCLocalSwiftPackageReference "TorrentCoreKit" */,
			);
			preferredProjectObjectVersion = 77;
			productRefGroup = 400000000000000000000005 /* Products */;
			projectDirPath = "";
			projectRoot = "";
			targets = (
				500000000000000000000001 /* TorrentCoreMac */,
				500000000000000000000002 /* TorrentCoreMobile */,
				500000000000000000000003 /* TorrentCoreMacTests */,
				500000000000000000000004 /* TorrentCoreMacUITests */,
			);
		};
/* End PBXProject section */

/* Begin PBXResourcesBuildPhase section */
		600000000000000000000001 /* Resources */ = {
			isa = PBXResourcesBuildPhase;
			buildActionMask = 2147483647;
			files = (
				100000000000000000000020 /* Assets.xcassets in Resources */,
			);
			runOnlyForDeploymentPostprocessing = 0;
		};
		600000000000000000000002 /* Resources */ = {
			isa = PBXResourcesBuildPhase;
			buildActionMask = 2147483647;
			files = (
				100000000000000000000021 /* Assets.xcassets in Resources */,
			);
			runOnlyForDeploymentPostprocessing = 0;
		};
		600000000000000000000003 /* Resources */ = {
			isa = PBXResourcesBuildPhase;
			buildActionMask = 2147483647;
			files = (
			);
			runOnlyForDeploymentPostprocessing = 0;
		};
		600000000000000000000004 /* Resources */ = {
			isa = PBXResourcesBuildPhase;
			buildActionMask = 2147483647;
			files = (
			);
			runOnlyForDeploymentPostprocessing = 0;
		};
/* End PBXResourcesBuildPhase section */

/* Begin PBXSourcesBuildPhase section */
		700000000000000000000001 /* Sources */ = {
			isa = PBXSourcesBuildPhase;
			buildActionMask = 2147483647;
			files = (
				100000000000000000000001 /* TorrentCoreMacApp.swift in Sources */,
				100000000000000000000002 /* TorrentCoreMacContentView.swift in Sources */,
				100000000000000000000007 /* TorrentCoreMacComponents.swift in Sources */,
				100000000000000000000008 /* TorrentCoreMacConnectionView.swift in Sources */,
				100000000000000000000009 /* TorrentCoreMacDashboardView.swift in Sources */,
				100000000000000000000010 /* TorrentCoreMacTorrentsView.swift in Sources */,
				100000000000000000000015 /* TorrentCoreMacHistoryView.swift in Sources */,
				100000000000000000000016 /* TorrentCoreMacLogsView.swift in Sources */,
				100000000000000000000017 /* TorrentCoreMacServiceSettingsView.swift in Sources */,
				100000000000000000000018 /* TorrentCoreMacTorrentDiagnosticsView.swift in Sources */,
				100000000000000000000019 /* TorrentCoreMacHelp.swift in Sources */,
				100000000000000000000011 /* TorrentCoreMacSettingsView.swift in Sources */,
			);
			runOnlyForDeploymentPostprocessing = 0;
		};
		700000000000000000000002 /* Sources */ = {
			isa = PBXSourcesBuildPhase;
			buildActionMask = 2147483647;
			files = (
				100000000000000000000003 /* TorrentCoreMobileApp.swift in Sources */,
				100000000000000000000004 /* TorrentCoreMobileContentView.swift in Sources */,
			);
			runOnlyForDeploymentPostprocessing = 0;
		};
		700000000000000000000003 /* Sources */ = {
			isa = PBXSourcesBuildPhase;
			buildActionMask = 2147483647;
			files = (
				100000000000000000000013 /* TorrentCoreMacTests.swift in Sources */,
			);
			runOnlyForDeploymentPostprocessing = 0;
		};
		700000000000000000000004 /* Sources */ = {
			isa = PBXSourcesBuildPhase;
			buildActionMask = 2147483647;
			files = (
				100000000000000000000014 /* TorrentCoreMacUITests.swift in Sources */,
			);
			runOnlyForDeploymentPostprocessing = 0;
		};
/* End PBXSourcesBuildPhase section */

/* Begin PBXTargetDependency section */
		F00000000000000000000001 /* PBXTargetDependency */ = {
			isa = PBXTargetDependency;
			target = 500000000000000000000001 /* TorrentCoreMac */;
			targetProxy = E00000000000000000000001 /* PBXContainerItemProxy */;
		};
		F00000000000000000000002 /* PBXTargetDependency */ = {
			isa = PBXTargetDependency;
			target = 500000000000000000000001 /* TorrentCoreMac */;
			targetProxy = E00000000000000000000002 /* PBXContainerItemProxy */;
		};
/* End PBXTargetDependency section */

/* Begin XCBuildConfiguration section */
		900000000000000000000001 /* Debug */ = {
			isa = XCBuildConfiguration;
			buildSettings = {
				ALWAYS_SEARCH_USER_PATHS = NO;
				CLANG_ANALYZER_NONNULL = YES;
				CLANG_ANALYZER_NUMBER_OBJECT_CONVERSION = YES_AGGRESSIVE;
				CLANG_CXX_LANGUAGE_STANDARD = "gnu++20";
				CLANG_ENABLE_MODULES = YES;
				CLANG_ENABLE_OBJC_ARC = YES;
				CLANG_WARN_BLOCK_CAPTURE_AUTORELEASING = YES;
				CLANG_WARN_BOOL_CONVERSION = YES;
				CLANG_WARN_COMMA = YES;
				CLANG_WARN_CONSTANT_CONVERSION = YES;
				CLANG_WARN_DEPRECATED_OBJC_IMPLEMENTATIONS = YES;
				CLANG_WARN_DIRECT_OBJC_ISA_USAGE = YES_ERROR;
				CLANG_WARN_DOCUMENTATION_COMMENTS = YES;
				CLANG_WARN_EMPTY_BODY = YES;
				CLANG_WARN_ENUM_CONVERSION = YES;
				CLANG_WARN_INFINITE_RECURSION = YES;
				CLANG_WARN_INT_CONVERSION = YES;
				CLANG_WARN_NON_LITERAL_NULL_CONVERSION = YES;
				CLANG_WARN_OBJC_IMPLICIT_RETAIN_SELF = YES;
				CLANG_WARN_OBJC_LITERAL_CONVERSION = YES;
				CLANG_WARN_QUOTED_INCLUDE_IN_FRAMEWORK_HEADER = YES;
				CLANG_WARN_RANGE_LOOP_ANALYSIS = YES;
				CLANG_WARN_STRICT_PROTOTYPES = YES;
				CLANG_WARN_SUSPICIOUS_MOVE = YES;
				CLANG_WARN_UNGUARDED_AVAILABILITY = YES_AGGRESSIVE;
				CLANG_WARN_UNREACHABLE_CODE = YES;
				COPY_PHASE_STRIP = NO;
				DEBUG_INFORMATION_FORMAT = dwarf;
				ENABLE_TESTABILITY = YES;
				GCC_C_LANGUAGE_STANDARD = gnu17;
				GCC_DYNAMIC_NO_PIC = NO;
				GCC_NO_COMMON_BLOCKS = YES;
				GCC_OPTIMIZATION_LEVEL = 0;
				GCC_PREPROCESSOR_DEFINITIONS = (
					"DEBUG=1",
					"$(inherited)",
				);
				GCC_WARN_64_TO_32_BIT_CONVERSION = YES;
				GCC_WARN_ABOUT_RETURN_TYPE = YES_ERROR;
				GCC_WARN_UNDECLARED_SELECTOR = YES;
				GCC_WARN_UNINITIALIZED_AUTOS = YES_AGGRESSIVE;
				GCC_WARN_UNUSED_FUNCTION = YES;
				GCC_WARN_UNUSED_VARIABLE = YES;
				LOCALIZATION_PREFERS_STRING_CATALOGS = YES;
				MTL_ENABLE_DEBUG_INFO = INCLUDE_SOURCE;
				MTL_FAST_MATH = YES;
				ONLY_ACTIVE_ARCH = YES;
				SWIFT_ACTIVE_COMPILATION_CONDITIONS = "DEBUG $(inherited)";
				SWIFT_OPTIMIZATION_LEVEL = "-Onone";
			};
			name = Debug;
		};
		900000000000000000000002 /* Integration */ = {
			isa = XCBuildConfiguration;
			buildSettings = {
				ALWAYS_SEARCH_USER_PATHS = NO;
				CLANG_ANALYZER_NONNULL = YES;
				CLANG_ENABLE_MODULES = YES;
				CLANG_ENABLE_OBJC_ARC = YES;
				CLANG_WARN_BOOL_CONVERSION = YES;
				CLANG_WARN_CONSTANT_CONVERSION = YES;
				CLANG_WARN_INT_CONVERSION = YES;
				COPY_PHASE_STRIP = NO;
				DEBUG_INFORMATION_FORMAT = dwarf;
				ENABLE_TESTABILITY = YES;
				GCC_C_LANGUAGE_STANDARD = gnu17;
				GCC_NO_COMMON_BLOCKS = YES;
				GCC_OPTIMIZATION_LEVEL = 0;
				GCC_PREPROCESSOR_DEFINITIONS = (
					"DEBUG=1",
					"INTEGRATION=1",
					"$(inherited)",
				);
				LOCALIZATION_PREFERS_STRING_CATALOGS = YES;
				ONLY_ACTIVE_ARCH = YES;
				SWIFT_ACTIVE_COMPILATION_CONDITIONS = "DEBUG INTEGRATION $(inherited)";
				SWIFT_OPTIMIZATION_LEVEL = "-Onone";
			};
			name = Integration;
		};
		900000000000000000000003 /* Release */ = {
			isa = XCBuildConfiguration;
			buildSettings = {
				ALWAYS_SEARCH_USER_PATHS = NO;
				CLANG_ANALYZER_NONNULL = YES;
				CLANG_ANALYZER_NUMBER_OBJECT_CONVERSION = YES_AGGRESSIVE;
				CLANG_CXX_LANGUAGE_STANDARD = "gnu++20";
				CLANG_ENABLE_MODULES = YES;
				CLANG_ENABLE_OBJC_ARC = YES;
				CLANG_WARN_BLOCK_CAPTURE_AUTORELEASING = YES;
				CLANG_WARN_BOOL_CONVERSION = YES;
				CLANG_WARN_COMMA = YES;
				CLANG_WARN_CONSTANT_CONVERSION = YES;
				CLANG_WARN_DEPRECATED_OBJC_IMPLEMENTATIONS = YES;
				CLANG_WARN_DIRECT_OBJC_ISA_USAGE = YES_ERROR;
				CLANG_WARN_DOCUMENTATION_COMMENTS = YES;
				CLANG_WARN_EMPTY_BODY = YES;
				CLANG_WARN_ENUM_CONVERSION = YES;
				CLANG_WARN_INFINITE_RECURSION = YES;
				CLANG_WARN_INT_CONVERSION = YES;
				CLANG_WARN_NON_LITERAL_NULL_CONVERSION = YES;
				CLANG_WARN_OBJC_IMPLICIT_RETAIN_SELF = YES;
				CLANG_WARN_OBJC_LITERAL_CONVERSION = YES;
				CLANG_WARN_QUOTED_INCLUDE_IN_FRAMEWORK_HEADER = YES;
				CLANG_WARN_RANGE_LOOP_ANALYSIS = YES;
				CLANG_WARN_STRICT_PROTOTYPES = YES;
				CLANG_WARN_SUSPICIOUS_MOVE = YES;
				CLANG_WARN_UNGUARDED_AVAILABILITY = YES_AGGRESSIVE;
				CLANG_WARN_UNREACHABLE_CODE = YES;
				COPY_PHASE_STRIP = NO;
				DEBUG_INFORMATION_FORMAT = "dwarf-with-dsym";
				ENABLE_NS_ASSERTIONS = NO;
				GCC_C_LANGUAGE_STANDARD = gnu17;
				GCC_NO_COMMON_BLOCKS = YES;
				LOCALIZATION_PREFERS_STRING_CATALOGS = YES;
				MTL_ENABLE_DEBUG_INFO = NO;
				MTL_FAST_MATH = YES;
				SWIFT_COMPILATION_MODE = wholemodule;
			};
			name = Release;
		};
		900000000000000000000004 /* Debug */ = {
			isa = XCBuildConfiguration;
			buildSettings = {
				ARCHS = arm64;
				ASSETCATALOG_COMPILER_APPICON_NAME = AppIcon;
				CODE_SIGN_ENTITLEMENTS = Apps/TorrentCoreMac/TorrentCoreMac.entitlements;
				CODE_SIGN_STYLE = Automatic;
				CURRENT_PROJECT_VERSION = 10;
				DEAD_CODE_STRIPPING = YES;
				DEVELOPMENT_TEAM = 5GRR76N48V;
				ENABLE_APP_SANDBOX = YES;
				ENABLE_HARDENED_RUNTIME = YES;
				GENERATE_INFOPLIST_FILE = NO;
				INFOPLIST_FILE = Apps/TorrentCoreMac/Info.plist;
				MACOSX_DEPLOYMENT_TARGET = 26.0;
				MARKETING_VERSION = 0.5.1;
				PRODUCT_BUNDLE_IDENTIFIER = com.conadv.TorrentCore.mac;
				PRODUCT_NAME = TorrentCore;
				SDKROOT = macosx;
				SUPPORTED_PLATFORMS = macosx;
				SWIFT_EMIT_LOC_STRINGS = YES;
				SWIFT_VERSION = 6.0;
			};
			name = Debug;
		};
		900000000000000000000005 /* Integration */ = {
			isa = XCBuildConfiguration;
			buildSettings = {
				ARCHS = arm64;
				ASSETCATALOG_COMPILER_APPICON_NAME = AppIcon;
				CODE_SIGN_ENTITLEMENTS = Apps/TorrentCoreMac/TorrentCoreMac.entitlements;
				CODE_SIGN_STYLE = Automatic;
				CURRENT_PROJECT_VERSION = 10;
				DEAD_CODE_STRIPPING = YES;
				DEVELOPMENT_TEAM = 5GRR76N48V;
				ENABLE_APP_SANDBOX = YES;
				ENABLE_HARDENED_RUNTIME = YES;
				GENERATE_INFOPLIST_FILE = NO;
				INFOPLIST_FILE = Apps/TorrentCoreMac/Info.plist;
				MACOSX_DEPLOYMENT_TARGET = 26.0;
				MARKETING_VERSION = 0.5.1;
				PRODUCT_BUNDLE_IDENTIFIER = com.conadv.TorrentCore.mac;
				PRODUCT_NAME = TorrentCore;
				SDKROOT = macosx;
				SUPPORTED_PLATFORMS = macosx;
				SWIFT_ACTIVE_COMPILATION_CONDITIONS = "DEBUG INTEGRATION $(inherited)";
				SWIFT_EMIT_LOC_STRINGS = YES;
				SWIFT_VERSION = 6.0;
			};
			name = Integration;
		};
		900000000000000000000006 /* Release */ = {
			isa = XCBuildConfiguration;
			buildSettings = {
				ARCHS = arm64;
				ASSETCATALOG_COMPILER_APPICON_NAME = AppIcon;
				CODE_SIGN_ENTITLEMENTS = Apps/TorrentCoreMac/TorrentCoreMac.entitlements;
				CODE_SIGN_STYLE = Automatic;
				CURRENT_PROJECT_VERSION = 10;
				DEAD_CODE_STRIPPING = YES;
				DEVELOPMENT_TEAM = 5GRR76N48V;
				ENABLE_APP_SANDBOX = YES;
				ENABLE_HARDENED_RUNTIME = YES;
				GENERATE_INFOPLIST_FILE = NO;
				INFOPLIST_FILE = Apps/TorrentCoreMac/Info.plist;
				MACOSX_DEPLOYMENT_TARGET = 26.0;
				MARKETING_VERSION = 0.5.1;
				PRODUCT_BUNDLE_IDENTIFIER = com.conadv.TorrentCore.mac;
				PRODUCT_NAME = TorrentCore;
				SDKROOT = macosx;
				SUPPORTED_PLATFORMS = macosx;
				SWIFT_EMIT_LOC_STRINGS = YES;
				SWIFT_VERSION = 6.0;
			};
			name = Release;
		};
		900000000000000000000007 /* Debug */ = {
			isa = XCBuildConfiguration;
			buildSettings = {
				ARCHS = arm64;
				ASSETCATALOG_COMPILER_APPICON_NAME = AppIcon;
				CODE_SIGN_STYLE = Automatic;
				CURRENT_PROJECT_VERSION = 10;
				DEAD_CODE_STRIPPING = YES;
				DEVELOPMENT_TEAM = 5GRR76N48V;
				GENERATE_INFOPLIST_FILE = NO;
				INFOPLIST_FILE = Apps/TorrentCoreMobile/Info.plist;
				IPHONEOS_DEPLOYMENT_TARGET = 26.0;
				MARKETING_VERSION = 0.5.1;
				PRODUCT_BUNDLE_IDENTIFIER = com.conadv.TorrentCore.mobile;
				PRODUCT_NAME = TorrentCore;
				SDKROOT = iphoneos;
				SUPPORTED_PLATFORMS = "iphoneos iphonesimulator";
				SUPPORTS_MACCATALYST = NO;
				SUPPORTS_MAC_DESIGNED_FOR_IPHONE_IPAD = NO;
				SWIFT_EMIT_LOC_STRINGS = YES;
				SWIFT_VERSION = 6.0;
				TARGETED_DEVICE_FAMILY = "1,2";
			};
			name = Debug;
		};
		900000000000000000000008 /* Integration */ = {
			isa = XCBuildConfiguration;
			buildSettings = {
				ARCHS = arm64;
				ASSETCATALOG_COMPILER_APPICON_NAME = AppIcon;
				CODE_SIGN_STYLE = Automatic;
				CURRENT_PROJECT_VERSION = 10;
				DEAD_CODE_STRIPPING = YES;
				DEVELOPMENT_TEAM = 5GRR76N48V;
				GENERATE_INFOPLIST_FILE = NO;
				INFOPLIST_FILE = Apps/TorrentCoreMobile/Info.plist;
				IPHONEOS_DEPLOYMENT_TARGET = 26.0;
				MARKETING_VERSION = 0.5.1;
				PRODUCT_BUNDLE_IDENTIFIER = com.conadv.TorrentCore.mobile;
				PRODUCT_NAME = TorrentCore;
				SDKROOT = iphoneos;
				SUPPORTED_PLATFORMS = "iphoneos iphonesimulator";
				SUPPORTS_MACCATALYST = NO;
				SUPPORTS_MAC_DESIGNED_FOR_IPHONE_IPAD = NO;
				SWIFT_ACTIVE_COMPILATION_CONDITIONS = "DEBUG INTEGRATION $(inherited)";
				SWIFT_EMIT_LOC_STRINGS = YES;
				SWIFT_VERSION = 6.0;
				TARGETED_DEVICE_FAMILY = "1,2";
			};
			name = Integration;
		};
		900000000000000000000009 /* Release */ = {
			isa = XCBuildConfiguration;
			buildSettings = {
				ARCHS = arm64;
				ASSETCATALOG_COMPILER_APPICON_NAME = AppIcon;
				CODE_SIGN_STYLE = Automatic;
				CURRENT_PROJECT_VERSION = 10;
				DEAD_CODE_STRIPPING = YES;
				DEVELOPMENT_TEAM = 5GRR76N48V;
				GENERATE_INFOPLIST_FILE = NO;
				INFOPLIST_FILE = Apps/TorrentCoreMobile/Info.plist;
				IPHONEOS_DEPLOYMENT_TARGET = 26.0;
				MARKETING_VERSION = 0.5.1;
				PRODUCT_BUNDLE_IDENTIFIER = com.conadv.TorrentCore.mobile;
				PRODUCT_NAME = TorrentCore;
				SDKROOT = iphoneos;
				SUPPORTED_PLATFORMS = "iphoneos iphonesimulator";
				SUPPORTS_MACCATALYST = NO;
				SUPPORTS_MAC_DESIGNED_FOR_IPHONE_IPAD = NO;
				SWIFT_EMIT_LOC_STRINGS = YES;
				SWIFT_VERSION = 6.0;
				TARGETED_DEVICE_FAMILY = "1,2";
			};
			name = Release;
		};
		900000000000000000000010 /* Debug */ = {
			isa = XCBuildConfiguration;
			buildSettings = {
				ARCHS = arm64;
				BUNDLE_LOADER = "$(TEST_HOST)";
				CODE_SIGN_STYLE = Automatic;
				DEVELOPMENT_TEAM = 5GRR76N48V;
				GENERATE_INFOPLIST_FILE = YES;
				MACOSX_DEPLOYMENT_TARGET = 26.0;
				PRODUCT_BUNDLE_IDENTIFIER = com.conadv.TorrentCore.mac.tests;
				PRODUCT_NAME = "$(TARGET_NAME)";
				SDKROOT = macosx;
				SWIFT_VERSION = 6.0;
				TEST_HOST = "$(BUILT_PRODUCTS_DIR)/TorrentCore.app/Contents/MacOS/TorrentCore";
			};
			name = Debug;
		};
		900000000000000000000011 /* Integration */ = {
			isa = XCBuildConfiguration;
			buildSettings = {
				ARCHS = arm64;
				BUNDLE_LOADER = "$(TEST_HOST)";
				CODE_SIGN_STYLE = Automatic;
				DEVELOPMENT_TEAM = 5GRR76N48V;
				GENERATE_INFOPLIST_FILE = YES;
				MACOSX_DEPLOYMENT_TARGET = 26.0;
				PRODUCT_BUNDLE_IDENTIFIER = com.conadv.TorrentCore.mac.tests;
				PRODUCT_NAME = "$(TARGET_NAME)";
				SDKROOT = macosx;
				SWIFT_ACTIVE_COMPILATION_CONDITIONS = "DEBUG INTEGRATION $(inherited)";
				SWIFT_VERSION = 6.0;
				TEST_HOST = "$(BUILT_PRODUCTS_DIR)/TorrentCore.app/Contents/MacOS/TorrentCore";
			};
			name = Integration;
		};
		900000000000000000000012 /* Release */ = {
			isa = XCBuildConfiguration;
			buildSettings = {
				ARCHS = arm64;
				BUNDLE_LOADER = "$(TEST_HOST)";
				CODE_SIGN_STYLE = Automatic;
				DEVELOPMENT_TEAM = 5GRR76N48V;
				GENERATE_INFOPLIST_FILE = YES;
				MACOSX_DEPLOYMENT_TARGET = 26.0;
				PRODUCT_BUNDLE_IDENTIFIER = com.conadv.TorrentCore.mac.tests;
				PRODUCT_NAME = "$(TARGET_NAME)";
				SDKROOT = macosx;
				SWIFT_VERSION = 6.0;
				TEST_HOST = "$(BUILT_PRODUCTS_DIR)/TorrentCore.app/Contents/MacOS/TorrentCore";
			};
			name = Release;
		};
		900000000000000000000013 /* Debug */ = {
			isa = XCBuildConfiguration;
			buildSettings = {
				ARCHS = arm64;
				CODE_SIGN_STYLE = Automatic;
				DEVELOPMENT_TEAM = 5GRR76N48V;
				GENERATE_INFOPLIST_FILE = YES;
				MACOSX_DEPLOYMENT_TARGET = 26.0;
				PRODUCT_BUNDLE_IDENTIFIER = com.conadv.TorrentCore.mac.uitests;
				PRODUCT_NAME = "$(TARGET_NAME)";
				SDKROOT = macosx;
				SWIFT_VERSION = 6.0;
				TEST_TARGET_NAME = TorrentCoreMac;
			};
			name = Debug;
		};
		900000000000000000000014 /* Integration */ = {
			isa = XCBuildConfiguration;
			buildSettings = {
				ARCHS = arm64;
				CODE_SIGN_STYLE = Automatic;
				DEVELOPMENT_TEAM = 5GRR76N48V;
				GENERATE_INFOPLIST_FILE = YES;
				MACOSX_DEPLOYMENT_TARGET = 26.0;
				PRODUCT_BUNDLE_IDENTIFIER = com.conadv.TorrentCore.mac.uitests;
				PRODUCT_NAME = "$(TARGET_NAME)";
				SDKROOT = macosx;
				SWIFT_ACTIVE_COMPILATION_CONDITIONS = "DEBUG INTEGRATION $(inherited)";
				SWIFT_VERSION = 6.0;
				TEST_TARGET_NAME = TorrentCoreMac;
			};
			name = Integration;
		};
		900000000000000000000015 /* Release */ = {
			isa = XCBuildConfiguration;
			buildSettings = {
				ARCHS = arm64;
				CODE_SIGN_STYLE = Automatic;
				DEVELOPMENT_TEAM = 5GRR76N48V;
				GENERATE_INFOPLIST_FILE = YES;
				MACOSX_DEPLOYMENT_TARGET = 26.0;
				PRODUCT_BUNDLE_IDENTIFIER = com.conadv.TorrentCore.mac.uitests;
				PRODUCT_NAME = "$(TARGET_NAME)";
				SDKROOT = macosx;
				SWIFT_VERSION = 6.0;
				TEST_TARGET_NAME = TorrentCoreMac;
			};
			name = Release;
		};
/* End XCBuildConfiguration section */

/* Begin XCConfigurationList section */
		B000000000000000000000001 /* Build configuration list for PBXProject "TorrentCoreApple" */ = {
			isa = XCConfigurationList;
			buildConfigurations = (
				900000000000000000000001 /* Debug */,
				900000000000000000000002 /* Integration */,
				900000000000000000000003 /* Release */,
			);
			defaultConfigurationIsVisible = 0;
			defaultConfigurationName = Release;
		};
		B000000000000000000000002 /* Build configuration list for PBXNativeTarget "TorrentCoreMac" */ = {
			isa = XCConfigurationList;
			buildConfigurations = (
				900000000000000000000004 /* Debug */,
				900000000000000000000005 /* Integration */,
				900000000000000000000006 /* Release */,
			);
			defaultConfigurationIsVisible = 0;
			defaultConfigurationName = Release;
		};
		B000000000000000000000003 /* Build configuration list for PBXNativeTarget "TorrentCoreMobile" */ = {
			isa = XCConfigurationList;
			buildConfigurations = (
				900000000000000000000007 /* Debug */,
				900000000000000000000008 /* Integration */,
				900000000000000000000009 /* Release */,
			);
			defaultConfigurationIsVisible = 0;
			defaultConfigurationName = Release;
		};
		B000000000000000000000004 /* Build configuration list for PBXNativeTarget "TorrentCoreMacTests" */ = {
			isa = XCConfigurationList;
			buildConfigurations = (
				900000000000000000000010 /* Debug */,
				900000000000000000000011 /* Integration */,
				900000000000000000000012 /* Release */,
			);
			defaultConfigurationIsVisible = 0;
			defaultConfigurationName = Release;
		};
		B000000000000000000000005 /* Build configuration list for PBXNativeTarget "TorrentCoreMacUITests" */ = {
			isa = XCConfigurationList;
			buildConfigurations = (
				900000000000000000000013 /* Debug */,
				900000000000000000000014 /* Integration */,
				900000000000000000000015 /* Release */,
			);
			defaultConfigurationIsVisible = 0;
			defaultConfigurationName = Release;
		};
/* End XCConfigurationList section */

/* Begin XCLocalSwiftPackageReference section */
		C000000000000000000000001 /* XCLocalSwiftPackageReference "TorrentCoreKit" */ = {
			isa = XCLocalSwiftPackageReference;
			relativePath = Packages/TorrentCoreKit;
		};
/* End XCLocalSwiftPackageReference section */

/* Begin XCSwiftPackageProductDependency section */
		D00000000000000000000001 /* TorrentCoreFeatures */ = {
			isa = XCSwiftPackageProductDependency;
			package = C000000000000000000000001 /* XCLocalSwiftPackageReference "TorrentCoreKit" */;
			productName = TorrentCoreFeatures;
		};
		D00000000000000000000002 /* TorrentCoreFeatures */ = {
			isa = XCSwiftPackageProductDependency;
			package = C000000000000000000000001 /* XCLocalSwiftPackageReference "TorrentCoreKit" */;
			productName = TorrentCoreFeatures;
		};
		D00000000000000000000003 /* TorrentCoreAPI */ = {
			isa = XCSwiftPackageProductDependency;
			package = C000000000000000000000001 /* XCLocalSwiftPackageReference "TorrentCoreKit" */;
			productName = TorrentCoreAPI;
		};
/* End XCSwiftPackageProductDependency section */
	};
	rootObject = 800000000000000000000001 /* Project object */;
}
